
Microsoft Visual Studio Solution File, Format Version 12.00
# Visual Studio Version 17
VisualStudioVersion = 17.14.37216.2
MinimumVisualStudioVersion = 10.0.40219.1
Project("{FAE04EC0-301F-11D3-BF4B-00C04F79EFBC}") = "TrailBlaze.API", "TrailBlaze.API\TrailBlaze.API.csproj", "{A885C6FD-8FF8-4AA0-91F4-04E7664D380A}"
EndProject
Project("{FAE04EC0-301F-11D3-BF4B-00C04F79EFBC}") = "TrailBlaze.UI", "TrailBlaze.UI\TrailBlaze.UI\TrailBlaze.UI.csproj", "{6519EAD5-E32C-E426-AEF6-572AC0D80656}"
EndProject
Project("{FAE04EC0-301F-11D3-BF4B-00C04F79EFBC}") = "TrailBlaze.UI.Client", "TrailBlaze.UI\TrailBlaze.UI.Client\TrailBlaze.UI.Client.csproj", "{BEB7904A-6819-7F84-77D2-D52C0A938317}"
EndProject
Global
	GlobalSection(SolutionConfigurationPlatforms) = preSolution
		Debug|Any CPU = Debug|Any CPU
		Release|Any CPU = Release|Any CPU
	EndGlobalSection
	GlobalSection(ProjectConfigurationPlatforms) = postSolution
		{A885C6FD-8FF8-4AA0-91F4-04E7664D380A}.Debug|Any CPU.ActiveCfg = Debug|Any CPU
		{A885C6FD-8FF8-4AA0-91F4-04E7664D380A}.Debug|Any CPU.Build.0 = Debug|Any CPU
		{A885C6FD-8FF8-4AA0-91F4-04E7664D380A}.Release|Any CPU.ActiveCfg = Release|Any CPU
		{A885C6FD-8FF8-4AA0-91F4-04E7664D380A}.Release|Any CPU.Build.0 = Release|Any CPU
		{6519EAD5-E32C-E426-AEF6-572AC0D80656}.Debug|Any CPU.ActiveCfg = Debug|Any CPU
		{6519EAD5-E32C-E426-AEF6-572AC0D80656}.Debug|Any CPU.Build.0 = Debug|Any CPU
		{6519EAD5-E32C-E426-AEF6-572AC0D80656}.Release|Any CPU.ActiveCfg = Release|Any CPU
		{6519EAD5-E32C-E426-AEF6-572AC0D80656}.Release|Any CPU.Build.0 = Release|Any CPU
		{BEB7904A-6819-7F84-77D2-D52C0A938317}.Debug|Any CPU.ActiveCfg = Debug|Any CPU
		{BEB7904A-6819-7F84-77D2-D52C0A938317}.Debug|Any CPU.Build.0 = Debug|Any CPU
		{BEB7904A-6819-7F84-77D2-D52C0A938317}.Release|Any CPU.ActiveCfg = Release|Any CPU
		{BEB7904A-6819-7F84-77D2-D52C0A938317}.Release|Any CPU.Build.0 = Release|Any CPU
	EndGlobalSection
	GlobalSection(SolutionProperties) = preSolution
		HideSolutionNode = FALSE
	EndGlobalSection
	GlobalSection(ExtensibilityGlobals) = postSolution
		SolutionGuid = {305DA70A-E9AB-4832-82C0-935027F5DE72}
	EndGlobalSection
EndGlobal
